// !$*UTF8*$!
{
	archiveVersion = 1;
	classes = {
	};
	objectVersion = 51;
	objects = {

/* Begin PBXBuildFile section */
		619C5EC72513E3E1007788D6 /* AppDelegate.swift in Sources */ = {isa = PBXBuildFile; fileRef = 619C5EC62513E3E1007788D6 /* AppDelegate.swift */; };
		619C5EC92513E3E1007788D6 /* SceneDelegate.swift in Sources */ = {isa = PBXBuildFile; fileRef = 619C5EC82513E3E1007788D6 /* SceneDelegate.swift */; };
		619C5ECB2513E3E1007788D6 /* ViewController.swift in Sources */ = {isa = PBXBuildFile; fileRef = 619C5ECA2513E3E1007788D6 /* ViewController.swift */; };
		619C5ECE2513E3E1007788D6 /* Main.storyboard in Resources */ = {isa = PBXBuildFile; fileRef = 619C5ECC2513E3E1007788D6 /* Main.storyboard */; };
		619C5ED02513E3E5007788D6 /* Assets.xcassets in Resources */ = {isa = PBXBuildFile; fileRef = 619C5ECF2513E3E5007788D6 /* Assets.xcassets */; };
		619C5ED32513E3E5007788D6 /* LaunchScreen.storyboard in Resources */ = {isa = PBXBuildFile; fileRef = 619C5ED12513E3E5007788D6 /* LaunchScreen.storyboard */; };
		619C5EDE2513E3E5007788D6 /* CarFaxCCTests.swift in Sources */ = {isa = PBXBuildFile; fileRef = 619C5EDD2513E3E5007788D6 /* CarFaxCCTests.swift */; };
		619C5EE92513E5B8007788D6 /* AppCoordinator.swift in Sources */ = {isa = PBXBuildFile; fileRef = 619C5EE82513E5B8007788D6 /* AppCoordinator.swift */; };
		619C5EF22513E72F007788D6 /* ListingViewModel.swift in Sources */ = {isa = PBXBuildFile; fileRef = 619C5EF12513E72F007788D6 /* ListingViewModel.swift */; };
		DDE73E150C1C58D16E294D58 /* Pods_CarFaxCCTests.framework in Frameworks */ = {isa = PBXBuildFile; fileRef = 0A2CBC45AD649E7DD5E1D5D6 /* Pods_CarFaxCCTests.framework */; };
		E1117436A5F4B66BF08DDE04 /* Pods_CarFaxCC.framework in Frameworks */ = {isa = PBXBuildFile; fileRef = 2F1A5E60008BC7FA65FD7D3E /* Pods_CarFaxCC.framework */; };
/* End PBXBuildFile section */

/* Begin PBXContainerItemProxy section */
		619C5EDA2513E3E5007788D6 /* PBXContainerItemProxy */ = {
			isa = PBXContainerItemProxy;
			containerPortal = 619C5EBB2513E3E1007788D6 /* Project object */;
			proxyType = 1;
			remoteGlobalIDString = 619C5EC22513E3E1007788D6;
			remoteInfo = CarFaxCC;
		};
/* End PBXContainerItemProxy section */

/* Begin PBXFileReference section */
		0A2CBC45AD649E7DD5E1D5D6 /* Pods_CarFaxCCTests.framework */ = {isa = PBXFileReference; explicitFileType = wrapper.framework; includeInIndex = 0; path = Pods_CarFaxCCTests.framework; sourceTree = BUILT_PRODUCTS_DIR; };
		2F1A5E60008BC7FA65FD7D3E /* Pods_CarFaxCC.framework */ = {isa = PBXFileReference; explicitFileType = wrapper.framework; includeInIndex = 0; path = Pods_CarFaxCC.framework; sourceTree = BUILT_PRODUCTS_DIR; };
		362FE623C6798B19FF55753E /* Pods-CarFaxCC.release.xcconfig */ = {isa = PBXFileReference; includeInIndex = 1; lastKnownFileType = text.xcconfig; name = "Pods-CarFaxCC.release.xcconfig"; path = "Target Support Files/Pods-CarFaxCC/Pods-CarFaxCC.release.xcconfig"; sourceTree = "<group>"; };
		619C5EC32513E3E1007788D6 /* CarFaxCC.app */ = {isa = PBXFileReference; explicitFileType = wrapper.application; includeInIndex = 0; path = CarFaxCC.app; sourceTree = BUILT_PRODUCTS_DIR; };
		619C5EC62513E3E1007788D6 /* AppDelegate.swift */ = {isa = PBXFileReference; lastKnownFileType = sourcecode.swift; path = AppDelegate.swift; sourceTree = "<group>"; };
		619C5EC82513E3E1007788D6 /* SceneDelegate.swift */ = {isa = PBXFileReference; lastKnownFileType = sourcecode.swift; path = SceneDelegate.swift; sourceTree = "<group>"; };
		619C5ECA2513E3E1007788D6 /* ViewController.swift */ = {isa = PBXFileReference; lastKnownFileType = sourcecode.swift; path = ViewController.swift; sourceTree = "<group>"; };
		619C5ECD2513E3E1007788D6 /* Base */ = {isa = PBXFileReference; lastKnownFileType = file.storyboard; name = Base; path = Base.lproj/Main.storyboard; sourceTree = "<group>"; };
		619C5ECF2513E3E5007788D6 /* Assets.xcassets */ = {isa = PBXFileReference; lastKnownFileType = folder.assetcatalog; path = Assets.xcassets; sourceTree = "<group>"; };
		619C5ED22513E3E5007788D6 /* Base */ = {isa = PBXFileReference; lastKnownFileType = file.storyboard; name = Base; path = Base.lproj/LaunchScreen.storyboard; sourceTree = "<group>"; };
		619C5ED42513E3E5007788D6 /* Info.plist */ = {isa = PBXFileReference; lastKnownFileType = text.plist.xml; path = Info.plist; sourceTree = "<group>"; };
		619C5ED92513E3E5007788D6 /* CarFaxCCTests.xctest */ = {isa = PBXFileReference; explicitFileType = wrapper.cfbundle; includeInIndex = 0; path = CarFaxCCTests.xctest; sourceTree = BUILT_PRODUCTS_DIR; };
		619C5EDD2513E3E5007788D6 /* CarFaxCCTests.swift */ = {isa = PBXFileReference; lastKnownFileType = sourcecode.swift; path = CarFaxCCTests.swift; sourceTree = "<group>"; };
		619C5EDF2513E3E5007788D6 /* Info.plist */ = {isa = PBXFileReference; lastKnownFileType = text.plist.xml; path = Info.plist; sourceTree = "<group>"; };
		619C5EE82513E5B8007788D6 /* AppCoordinator.swift */ = {isa = PBXFileReference; lastKnownFileType = sourcecode.swift; path = AppCoordinator.swift; sourceTree = "<group>"; };
		619C5EF12513E72F007788D6 /* ListingViewModel.swift */ = {isa = PBXFileReference; lastKnownFileType = sourcecode.swift; path = ListingViewModel.swift; sourceTree = "<group>"; };
		9A76BE1452A0B38588AE4EAB /* Pods-CarFaxCC.debug.xcconfig */ = {isa = PBXFileReference; includeInIndex = 1; lastKnownFileType = text.xcconfig; name = "Pods-CarFaxCC.debug.xcconfig"; path = "Target Support Files/Pods-CarFaxCC/Pods-CarFaxCC.debug.xcconfig"; sourceTree = "<group>"; };
		C28263FDA9781539D1FEF04E /* Pods-CarFaxCCTests.debug.xcconfig */ = {isa = PBXFileReference; includeInIndex = 1; lastKnownFileType = text.xcconfig; name = "Pods-CarFaxCCTests.debug.xcconfig"; path = "Target Support Files/Pods-CarFaxCCTests/Pods-CarFaxCCTests.debug.xcconfig"; sourceTree = "<group>"; };
		F2E08602F9B83088B821BF08 /* Pods-CarFaxCCTests.release.xcconfig */ = {isa = PBXFileReference; includeInIndex = 1; lastKnownFileType = text.xcconfig; name = "Pods-CarFaxCCTests.release.xcconfig"; path = "Target Support Files/Pods-CarFaxCCTests/Pods-CarFaxCCTests.release.xcconfig"; sourceTree = "<group>"; };
/* End PBXFileReference section */

/* Begin PBXFrameworksBuildPhase section */
		619C5EC02513E3E1007788D6 /* Frameworks */ = {
			isa = PBXFrameworksBuildPhase;
			buildActionMask = 2147483647;
			files = (
				E1117436A5F4B66BF08DDE04 /* Pods_CarFaxCC.framework in Frameworks */,
			);
			runOnlyForDeploymentPostprocessing = 0;
		};
		619C5ED62513E3E5007788D6 /* Frameworks */ = {
			isa = PBXFrameworksBuildPhase;
			buildActionMask = 2147483647;
			files = (
				DDE73E150C1C58D16E294D58 /* Pods_CarFaxCCTests.framework in Frameworks */,
			);
			runOnlyForDeploymentPostprocessing = 0;
		};
/* End PBXFrameworksBuildPhase section */

/* Begin PBXGroup section */
		3CA5B2FEBD4B3D737F02EE33 /* Pods */ = {
			isa = PBXGroup;
			children = (
				9A76BE1452A0B38588AE4EAB /* Pods-CarFaxCC.debug.xcconfig */,
				362FE623C6798B19FF55753E /* Pods-CarFaxCC.release.xcconfig */,
				C28263FDA9781539D1FEF04E /* Pods-CarFaxCCTests.debug.xcconfig */,
				F2E08602F9B83088B821BF08 /* Pods-CarFaxCCTests.release.xcconfig */,
			);
			path = Pods;
			sourceTree = "<group>";
		};
		5FF4D250F3C3FA773460C4AC /* Frameworks */ = {
			isa = PBXGroup;
			children = (
				2F1A5E60008BC7FA65FD7D3E /* Pods_CarFaxCC.framework */,
				0A2CBC45AD649E7DD5E1D5D6 /* Pods_CarFaxCCTests.framework */,
			);
			name = Frameworks;
			sourceTree = "<group>";
		};
		619C5EBA2513E3E1007788D6 = {
			isa = PBXGroup;
			children = (
				619C5EC52513E3E1007788D6 /* CarFaxCC */,
				619C5EDC2513E3E5007788D6 /* CarFaxCCTests */,
				619C5EC42513E3E1007788D6 /* Products */,
				3CA5B2FEBD4B3D737F02EE33 /* Pods */,
				5FF4D250F3C3FA773460C4AC /* Frameworks */,
			);
			sourceTree = "<group>";
		};
		619C5EC42513E3E1007788D6 /* Products */ = {
			isa = PBXGroup;
			children = (
				619C5EC32513E3E1007788D6 /* CarFaxCC.app */,
				619C5ED92513E3E5007788D6 /* CarFaxCCTests.xctest */,
			);
			name = Products;
			sourceTree = "<group>";
		};
		619C5EC52513E3E1007788D6 /* CarFaxCC */ = {
			isa = PBXGroup;
			children = (
				619C5EF02513E647007788D6 /* Cells */,
				619C5EEF2513E63E007788D6 /* Helpers */,
				619C5EEC2513E61A007788D6 /* Networking */,
				619C5EEB2513E615007788D6 /* ViewModels */,
				619C5EEA2513E611007788D6 /* Models */,
				619C5EC62513E3E1007788D6 /* AppDelegate.swift */,
				619C5EC82513E3E1007788D6 /* SceneDelegate.swift */,
				619C5ECA2513E3E1007788D6 /* ViewController.swift */,
				619C5ECC2513E3E1007788D6 /* Main.storyboard */,
				619C5ECF2513E3E5007788D6 /* Assets.xcassets */,
				619C5ED12513E3E5007788D6 /* LaunchScreen.storyboard */,
				619C5ED42513E3E5007788D6 /* Info.plist */,
				619C5EE82513E5B8007788D6 /* AppCoordinator.swift */,
			);
			path = CarFaxCC;
			sourceTree = "<group>";
		};
		619C5EDC2513E3E5007788D6 /* CarFaxCCTests */ = {
			isa = PBXGroup;
			children = (
				619C5EDD2513E3E5007788D6 /* CarFaxCCTests.swift */,
				619C5EDF2513E3E5007788D6 /* Info.plist */,
			);
			path = CarFaxCCTests;
			sourceTree = "<group>";
		};
		619C5EEA2513E611007788D6 /* Models */ = {
			isa = PBXGroup;
			children = (
			);
			path = Models;
			sourceTree = "<group>";
		};
		619C5EEB2513E615007788D6 /* ViewModels */ = {
			isa = PBXGroup;
			children = (
				619C5EF12513E72F007788D6 /* ListingViewModel.swift */,
			);
			path = ViewModels;
			sourceTree = "<group>";
		};
		619C5EEC2513E61A007788D6 /* Networking */ = {
			isa = PBXGroup;
			children = (
			);
			path = Networking;
			sourceTree = "<group>";
		};
		619C5EEF2513E63E007788D6 /* Helpers */ = {
			isa = PBXGroup;
			children = (
			);
			path = Helpers;
			sourceTree = "<group>";
		};
		619C5EF02513E647007788D6 /* Cells */ = {
			isa = PBXGroup;
			children = (
			);
			path = Cells;
			sourceTree = "<group>";
		};
/* End PBXGroup section */

/* Begin PBXNativeTarget section */
		619C5EC22513E3E1007788D6 /* CarFaxCC */ = {
			isa = PBXNativeTarget;
			buildConfigurationList = 619C5EE22513E3E5007788D6 /* Build configuration list for PBXNativeTarget "CarFaxCC" */;
			buildPhases = (
				A9180EC7F94E719D17368CF7 /* [CP] Check Pods Manifest.lock */,
				619C5EBF2513E3E1007788D6 /* Sources */,
				619C5EC02513E3E1007788D6 /* Frameworks */,
				619C5EC12513E3E1007788D6 /* Resources */,
				831BA28CB33B3E3527977285 /* [CP] Embed Pods Frameworks */,
			);
			buildRules = (
			);
			dependencies = (
			);
			name = CarFaxCC;
			productName = CarFaxCC;
			productReference = 619C5EC32513E3E1007788D6 /* CarFaxCC.app */;
			productType = "com.apple.product-type.application";
		};
		619C5ED82513E3E5007788D6 /* CarFaxCCTests */ = {
			isa = PBXNativeTarget;
			buildConfigurationList = 619C5EE52513E3E5007788D6 /* Build configuration list for PBXNativeTarget "CarFaxCCTests" */;
			buildPhases = (
				89D9657856C79CBFC1E06506 /* [CP] Check Pods Manifest.lock */,
				619C5ED52513E3E5007788D6 /* Sources */,
				619C5ED62513E3E5007788D6 /* Frameworks */,
				619C5ED72513E3E5007788D6 /* Resources */,
			);
			buildRules = (
			);
			dependencies = (
				619C5EDB2513E3E5007788D6 /* PBXTargetDependency */,
			);
			name = CarFaxCCTests;
			productName = CarFaxCCTests;
			productReference = 619C5ED92513E3E5007788D6 /* CarFaxCCTests.xctest */;
			productType = "com.apple.product-type.bundle.unit-test";
		};
/* End PBXNativeTarget section */

/* Begin PBXProject section */
		619C5EBB2513E3E1007788D6 /* Project object */ = {
			isa = PBXProject;
			attributes = {
				LastSwiftUpdateCheck = 1160;
				LastUpgradeCheck = 1160;
				ORGANIZATIONNAME = jerryszp6116;
				TargetAttributes = {
					619C5EC22513E3E1007788D6 = {
						CreatedOnToolsVersion = 11.6;
					};
					619C5ED82513E3E5007788D6 = {
						CreatedOnToolsVersion = 11.6;
						TestTargetID = 619C5EC22513E3E1007788D6;
					};
				};
			};
			buildConfigurationList = 619C5EBE2513E3E1007788D6 /* Build configuration list for PBXProject "CarFaxCC" */;
			compatibilityVersion = "Xcode 9.3";
			developmentRegion = en;
			hasScannedForEncodings = 0;
			knownRegions = (
				en,
				Base,
			);
			mainGroup = 619C5EBA2513E3E1007788D6;
			productRefGroup = 619C5EC42513E3E1007788D6 /* Products */;
			projectDirPath = "";
			projectRoot = "";
			targets = (
				619C5EC22513E3E1007788D6 /* CarFaxCC */,
				619C5ED82513E3E5007788D6 /* CarFaxCCTests */,
			);
		};
/* End PBXProject section */

/* Begin PBXResourcesBuildPhase section */
		619C5EC12513E3E1007788D6 /* Resources */ = {
			isa = PBXResourcesBuildPhase;
			buildActionMask = 2147483647;
			files = (
				619C5ED32513E3E5007788D6 /* LaunchScreen.storyboard in Resources */,
				619C5ED02513E3E5007788D6 /* Assets.xcassets in Resources */,
				619C5ECE2513E3E1007788D6 /* Main.storyboard in Resources */,
			);
			runOnlyForDeploymentPostprocessing = 0;
		};
		619C5ED72513E3E5007788D6 /* Resources */ = {
			isa = PBXResourcesBuildPhase;
			buildActionMask = 2147483647;
			files = (
			);
			runOnlyForDeploymentPostprocessing = 0;
		};
/* End PBXResourcesBuildPhase section */

/* Begin PBXShellScriptBuildPhase section */
		831BA28CB33B3E3527977285 /* [CP] Embed Pods Frameworks */ = {
			isa = PBXShellScriptBuildPhase;
			buildActionMask = 2147483647;
			files = (
			);
			inputFileListPaths = (
				"${PODS_ROOT}/Target Support Files/Pods-CarFaxCC/Pods-CarFaxCC-frameworks-${CONFIGURATION}-input-files.xcfilelist",
			);
			name = "[CP] Embed Pods Frameworks";
			outputFileListPaths = (
				"${PODS_ROOT}/Target Support Files/Pods-CarFaxCC/Pods-CarFaxCC-frameworks-${CONFIGURATION}-output-files.xcfilelist",
			);
			runOnlyForDeploymentPostprocessing = 0;
			shellPath = /bin/sh;
			shellScript = "\"${PODS_ROOT}/Target Support Files/Pods-CarFaxCC/Pods-CarFaxCC-frameworks.sh\"\n";
			showEnvVarsInLog = 0;
		};
		89D9657856C79CBFC1E06506 /* [CP] Check Pods Manifest.lock */ = {
			isa = PBXShellScriptBuildPhase;
			buildActionMask = 2147483647;
			files = (
			);
			inputFileListPaths = (
			);
			inputPaths = (
				"${PODS_PODFILE_DIR_PATH}/Podfile.lock",
				"${PODS_ROOT}/Manifest.lock",
			);
			name = "[CP] Check Pods Manifest.lock";
			outputFileListPaths = (
			);
			outputPaths = (
				"$(DERIVED_FILE_DIR)/Pods-CarFaxCCTests-checkManifestLockResult.txt",
			);
			runOnlyForDeploymentPostprocessing = 0;
			shellPath = /bin/sh;
			shellScript = "diff \"${PODS_PODFILE_DIR_PATH}/Podfile.lock\" \"${PODS_ROOT}/Manifest.lock\" > /dev/null\nif [ $? != 0 ] ; then\n    # print error to STDERR\n    echo \"error: The sandbox is not in sync with the Podfile.lock. Run 'pod install' or update your CocoaPods installation.\" >&2\n    exit 1\nfi\n# This output is used by Xcode 'outputs' to avoid re-running this script phase.\necho \"SUCCESS\" > \"${SCRIPT_OUTPUT_FILE_0}\"\n";
			showEnvVarsInLog = 0;
		};
		A9180EC7F94E719D17368CF7 /* [CP] Check Pods Manifest.lock */ = {
			isa = PBXShellScriptBuildPhase;
			buildActionMask = 2147483647;
			files = (
			);
			inputFileListPaths = (
			);
			inputPaths = (
				"${PODS_PODFILE_DIR_PATH}/Podfile.lock",
				"${PODS_ROOT}/Manifest.lock",
			);
			name = "[CP] Check Pods Manifest.lock";
			outputFileListPaths = (
			);
			outputPaths = (
				"$(DERIVED_FILE_DIR)/Pods-CarFaxCC-checkManifestLockResult.txt",
			);
			runOnlyForDeploymentPostprocessing = 0;
			shellPath = /bin/sh;
			shellScript = "diff \"${PODS_PODFILE_DIR_PATH}/Podfile.lock\" \"${PODS_ROOT}/Manifest.lock\" > /dev/null\nif [ $? != 0 ] ; then\n    # print error to STDERR\n    echo \"error: The sandbox is not in sync with the Podfile.lock. Run 'pod install' or update your CocoaPods installation.\" >&2\n    exit 1\nfi\n# This output is used by Xcode 'outputs' to avoid re-running this script phase.\necho \"SUCCESS\" > \"${SCRIPT_OUTPUT_FILE_0}\"\n";
			showEnvVarsInLog = 0;
		};
/* End PBXShellScriptBuildPhase section */

/* Begin PBXSourcesBuildPhase section */
		619C5EBF2513E3E1007788D6 /* Sources */ = {
			isa = PBXSourcesBuildPhase;
			buildActionMask = 2147483647;
			files = (
				619C5EE92513E5B8007788D6 /* AppCoordinator.swift in Sources */,
				619C5ECB2513E3E1007788D6 /* ViewController.swift in Sources */,
				619C5EF22513E72F007788D6 /* ListingViewModel.swift in Sources */,
				619C5EC72513E3E1007788D6 /* AppDelegate.swift in Sources */,
				619C5EC92513E3E1007788D6 /* SceneDelegate.swift in Sources */,
			);
			runOnlyForDeploymentPostprocessing = 0;
		};
		619C5ED52513E3E5007788D6 /* Sources */ = {
			isa = PBXSourcesBuildPhase;
			buildActionMask = 2147483647;
			files = (
				619C5EDE2513E3E5007788D6 /* CarFaxCCTests.swift in Sources */,
			);
			runOnlyForDeploymentPostprocessing = 0;
		};
/* End PBXSourcesBuildPhase section */

/* Begin PBXTargetDependency section */
		619C5EDB2513E3E5007788D6 /* PBXTargetDependency */ = {
			isa = PBXTargetDependency;
			target = 619C5EC22513E3E1007788D6 /* CarFaxCC */;
			targetProxy = 619C5EDA2513E3E5007788D6 /* PBXContainerItemProxy */;
		};
/* End PBXTargetDependency section */

/* Begin PBXVariantGroup section */
		619C5ECC2513E3E1007788D6 /* Main.storyboard */ = {
			isa = PBXVariantGroup;
			children = (
				619C5ECD2513E3E1007788D6 /* Base */,
			);
			name = Main.storyboard;
			sourceTree = "<group>";
		};
		619C5ED12513E3E5007788D6 /* LaunchScreen.storyboard */ = {
			isa = PBXVariantGroup;
			children = (
				619C5ED22513E3E5007788D6 /* Base */,
			);
			name = LaunchScreen.storyboard;
			sourceTree = "<group>";
		};
/* End PBXVariantGroup section */

/* Begin XCBuildConfiguration section */
		619C5EE02513E3E5007788D6 /* Debug */ = {
			isa = XCBuildConfiguration;
			buildSettings = {
				ALWAYS_SEARCH_USER_PATHS = NO;
				CLANG_ANALYZER_NONNULL = YES;
				CLANG_ANALYZER_NUMBER_OBJECT_CONVERSION = YES_AGGRESSIVE;
				CLANG_CXX_LANGUAGE_STANDARD = "gnu++14";
				CLANG_CXX_LIBRARY = "libc++";
				CLANG_ENABLE_MODULES = YES;
				CLANG_ENABLE_OBJC_ARC = YES;
				CLANG_ENABLE_OBJC_WEAK = YES;
				CLANG_WARN_BLOCK_CAPTURE_AUTORELEASING = YES;
				CLANG_WARN_BOOL_CONVERSION = YES;
				CLANG_WARN_COMMA = YES;
				CLANG_WARN_CONSTANT_CONVERSION = YES;
				CLANG_WARN_DEPRECATED_OBJC_IMPLEMENTATIONS = YES;
				CLANG_WARN_DIRECT_OBJC_ISA_USAGE = YES_ERROR;
				CLANG_WARN_DOCUMENTATION_COMMENTS = YES;
				CLANG_WARN_EMPTY_BODY = YES;
				CLANG_WARN_ENUM_CONVERSION = YES;
				CLANG_WARN_INFINITE_RECURSION = YES;
				CLANG_WARN_INT_CONVERSION = YES;
				CLANG_WARN_NON_LITERAL_NULL_CONVERSION = YES;
				CLANG_WARN_OBJC_IMPLICIT_RETAIN_SELF = YES;
				CLANG_WARN_OBJC_LITERAL_CONVERSION = YES;
				CLANG_WARN_OBJC_ROOT_CLASS = YES_ERROR;
				CLANG_WARN_RANGE_LOOP_ANALYSIS = YES;
				CLANG_WARN_STRICT_PROTOTYPES = YES;
				CLANG_WARN_SUSPICIOUS_MOVE = YES;
				CLANG_WARN_UNGUARDED_AVAILABILITY = YES_AGGRESSIVE;
				CLANG_WARN_UNREACHABLE_CODE = YES;
				CLANG_WARN__DUPLICATE_METHOD_MATCH = YES;
				COPY_PHASE_STRIP = NO;
				DEBUG_INFORMATION_FORMAT = dwarf;
				ENABLE_STRICT_OBJC_MSGSEND = YES;
				ENABLE_TESTABILITY = YES;
				GCC_C_LANGUAGE_STANDARD = gnu11;
				GCC_DYNAMIC_NO_PIC = NO;
				GCC_NO_COMMON_BLOCKS = YES;
				GCC_OPTIMIZATION_LEVEL = 0;
				GCC_PREPROCESSOR_DEFINITIONS = (
					"DEBUG=1",
					"$(inherited)",
				);
				GCC_WARN_64_TO_32_BIT_CONVERSION = YES;
				GCC_WARN_ABOUT_RETURN_TYPE = YES_ERROR;
				GCC_WARN_UNDECLARED_SELECTOR = YES;
				GCC_WARN_UNINITIALIZED_AUTOS = YES_AGGRESSIVE;
				GCC_WARN_UNUSED_FUNCTION = YES;
				GCC_WARN_UNUSED_VARIABLE = YES;
				IPHONEOS_DEPLOYMENT_TARGET = 13.6;
				MTL_ENABLE_DEBUG_INFO = INCLUDE_SOURCE;
				MTL_FAST_MATH = YES;
				ONLY_ACTIVE_ARCH = YES;
				SDKROOT = iphoneos;
				SWIFT_ACTIVE_COMPILATION_CONDITIONS = DEBUG;
				SWIFT_OPTIMIZATION_LEVEL = "-Onone";
			};
			name = Debug;
		};
		619C5EE12513E3E5007788D6 /* Release */ = {
			isa = XCBuildConfiguration;
			buildSettings = {
				ALWAYS_SEARCH_USER_PATHS = NO;
				CLANG_ANALYZER_NONNULL = YES;
				CLANG_ANALYZER_NUMBER_OBJECT_CONVERSION = YES_AGGRESSIVE;
				CLANG_CXX_LANGUAGE_STANDARD = "gnu++14";
				CLANG_CXX_LIBRARY = "libc++";
				CLANG_ENABLE_MODULES = YES;
				CLANG_ENABLE_OBJC_ARC = YES;
				CLANG_ENABLE_OBJC_WEAK = YES;
				CLANG_WARN_BLOCK_CAPTURE_AUTORELEASING = YES;
				CLANG_WARN_BOOL_CONVERSION = YES;
				CLANG_WARN_COMMA = YES;
				CLANG_WARN_CONSTANT_CONVERSION = YES;
				CLANG_WARN_DEPRECATED_OBJC_IMPLEMENTATIONS = YES;
				CLANG_WARN_DIRECT_OBJC_ISA_USAGE = YES_ERROR;
				CLANG_WARN_DOCUMENTATION_COMMENTS = YES;
				CLANG_WARN_EMPTY_BODY = YES;
				CLANG_WARN_ENUM_CONVERSION = YES;
				CLANG_WARN_INFINITE_RECURSION = YES;
				CLANG_WARN_INT_CONVERSION = YES;
				CLANG_WARN_NON_LITERAL_NULL_CONVERSION = YES;
				CLANG_WARN_OBJC_IMPLICIT_RETAIN_SELF = YES;
				CLANG_WARN_OBJC_LITERAL_CONVERSION = YES;
				CLANG_WARN_OBJC_ROOT_CLASS = YES_ERROR;
				CLANG_WARN_RANGE_LOOP_ANALYSIS = YES;
				CLANG_WARN_STRICT_PROTOTYPES = YES;
				CLANG_WARN_SUSPICIOUS_MOVE = YES;
				CLANG_WARN_UNGUARDED_AVAILABILITY = YES_AGGRESSIVE;
				CLANG_WARN_UNREACHABLE_CODE = YES;
				CLANG_WARN__DUPLICATE_METHOD_MATCH = YES;
				COPY_PHASE_STRIP = NO;
				DEBUG_INFORMATION_FORMAT = "dwarf-with-dsym";
				ENABLE_NS_ASSERTIONS = NO;
				ENABLE_STRICT_OBJC_MSGSEND = YES;
				GCC_C_LANGUAGE_STANDARD = gnu11;
				GCC_NO_COMMON_BLOCKS = YES;
				GCC_WARN_64_TO_32_BIT_CONVERSION = YES;
				GCC_WARN_ABOUT_RETURN_TYPE = YES_ERROR;
				GCC_WARN_UNDECLARED_SELECTOR = YES;
				GCC_WARN_UNINITIALIZED_AUTOS = YES_AGGRESSIVE;
				GCC_WARN_UNUSED_FUNCTION = YES;
				GCC_WARN_UNUSED_VARIABLE = YES;
				IPHONEOS_DEPLOYMENT_TARGET = 13.6;
				MTL_ENABLE_DEBUG_INFO = NO;
				MTL_FAST_MATH = YES;
				SDKROOT = iphoneos;
				SWIFT_COMPILATION_MODE = wholemodule;
				SWIFT_OPTIMIZATION_LEVEL = "-O";
				VALIDATE_PRODUCT = YES;
			};
			name = Release;
		};
		619C5EE32513E3E5007788D6 /* Debug */ = {
			isa = XCBuildConfiguration;
			baseConfigurationReference = 9A76BE1452A0B38588AE4EAB /* Pods-CarFaxCC.debug.xcconfig */;
			buildSettings = {
				ASSETCATALOG_COMPILER_APPICON_NAME = AppIcon;
				CODE_SIGN_STYLE = Automatic;
				DEVELOPMENT_TEAM = YET34FB6KK;
				INFOPLIST_FILE = CarFaxCC/Info.plist;
				LD_RUNPATH_SEARCH_PATHS = (
					"$(inherited)",
					"@executable_path/Frameworks",
				);
				PRODUCT_BUNDLE_IDENTIFIER = com.jerryszp6116.CarFaxCC;
				PRODUCT_NAME = "$(TARGET_NAME)";
				SWIFT_VERSION = 5.0;
				TARGETED_DEVICE_FAMILY = "1,2";
			};
			name = Debug;
		};
		619C5EE42513E3E5007788D6 /* Release */ = {
			isa = XCBuildConfiguration;
			baseConfigurationReference = 362FE623C6798B19FF55753E /* Pods-CarFaxCC.release.xcconfig */;
			buildSettings = {
				ASSETCATALOG_COMPILER_APPICON_NAME = AppIcon;
				CODE_SIGN_STYLE = Automatic;
				DEVELOPMENT_TEAM = YET34FB6KK;
				INFOPLIST_FILE = CarFaxCC/Info.plist;
				LD_RUNPATH_SEARCH_PATHS = (
					"$(inherited)",
					"@executable_path/Frameworks",
				);
				PRODUCT_BUNDLE_IDENTIFIER = com.jerryszp6116.CarFaxCC;
				PRODUCT_NAME = "$(TARGET_NAME)";
				SWIFT_VERSION = 5.0;
				TARGETED_DEVICE_FAMILY = "1,2";
			};
			name = Release;
		};
		619C5EE62513E3E5007788D6 /* Debug */ = {
			isa = XCBuildConfiguration;
			baseConfigurationReference = C28263FDA9781539D1FEF04E /* Pods-CarFaxCCTests.debug.xcconfig */;
			buildSettings = {
				ALWAYS_EMBED_SWIFT_STANDARD_LIBRARIES = YES;
				BUNDLE_LOADER = "$(TEST_HOST)";
				CODE_SIGN_STYLE = Automatic;
				DEVELOPMENT_TEAM = YET34FB6KK;
				INFOPLIST_FILE = CarFaxCCTests/Info.plist;
				IPHONEOS_DEPLOYMENT_TARGET = 13.6;
				LD_RUNPATH_SEARCH_PATHS = (
					"$(inherited)",
					"@executable_path/Frameworks",
					"@loader_path/Frameworks",
				);
				PRODUCT_BUNDLE_IDENTIFIER = com.jerryszp6116.CarFaxCCTests;
				PRODUCT_NAME = "$(TARGET_NAME)";
				SWIFT_VERSION = 5.0;
				TARGETED_DEVICE_FAMILY = "1,2";
				TEST_HOST = "$(BUILT_PRODUCTS_DIR)/CarFaxCC.app/CarFaxCC";
			};
			name = Debug;
		};
		619C5EE72513E3E5007788D6 /* Release */ = {
			isa = XCBuildConfiguration;
			baseConfigurationReference = F2E08602F9B83088B821BF08 /* Pods-CarFaxCCTests.release.xcconfig */;
			buildSettings = {
				ALWAYS_EMBED_SWIFT_STANDARD_LIBRARIES = YES;
				BUNDLE_LOADER = "$(TEST_HOST)";
				CODE_SIGN_STYLE = Automatic;
				DEVELOPMENT_TEAM = YET34FB6KK;
				INFOPLIST_FILE = CarFaxCCTests/Info.plist;
				IPHONEOS_DEPLOYMENT_TARGET = 13.6;
				LD_RUNPATH_SEARCH_PATHS = (
					"$(inherited)",
					"@executable_path/Frameworks",
					"@loader_path/Frameworks",
				);
				PRODUCT_BUNDLE_IDENTIFIER = com.jerryszp6116.CarFaxCCTests;
				PRODUCT_NAME = "$(TARGET_NAME)";
				SWIFT_VERSION = 5.0;
				TARGETED_DEVICE_FAMILY = "1,2";
				TEST_HOST = "$(BUILT_PRODUCTS_DIR)/CarFaxCC.app/CarFaxCC";
			};
			name = Release;
		};
/* End XCBuildConfiguration section */

/* Begin XCConfigurationList section */
		619C5EBE2513E3E1007788D6 /* Build configuration list for PBXProject "CarFaxCC" */ = {
			isa = XCConfigurationList;
			buildConfigurations = (
				619C5EE02513E3E5007788D6 /* Debug */,
				619C5EE12513E3E5007788D6 /* Release */,
			);
			defaultConfigurationIsVisible = 0;
			defaultConfigurationName = Release;
		};
		619C5EE22513E3E5007788D6 /* Build configuration list for PBXNativeTarget "CarFaxCC" */ = {
			isa = XCConfigurationList;
			buildConfigurations = (
				619C5EE32513E3E5007788D6 /* Debug */,
				619C5EE42513E3E5007788D6 /* Release */,
			);
			defaultConfigurationIsVisible = 0;
			defaultConfigurationName = Release;
		};
		619C5EE52513E3E5007788D6 /* Build configuration list for PBXNativeTarget "CarFaxCCTests" */ = {
			isa = XCConfigurationList;
			buildConfigurations = (
				619C5EE62513E3E5007788D6 /* Debug */,
				619C5EE72513E3E5007788D6 /* Release */,
			);
			defaultConfigurationIsVisible = 0;
			defaultConfigurationName = Release;
		};
/* End XCConfigurationList section */
	};
	rootObject = 619C5EBB2513E3E1007788D6 /* Project object */;
}
